
Microsoft Visual Studio Solution File, Format Version 12.00
# Visual Studio 15
VisualStudioVersion = 15.0.28307.421
MinimumVisualStudioVersion = 10.0.40219.1
Project("{FAE04EC0-301F-11D3-BF4B-00C04F79EFBC}") = "UnitTestHomework00.Core", "UnitTestHomework00\UnitTestHomework00.Core.csproj", "{1DA64C05-734F-4C82-8EEF-FF883526B9EC}"
EndProject
Project("{FAE04EC0-301F-11D3-BF4B-00C04F79EFBC}") = "UnitTestHomework00.Core.Tests", "UnitTestHomework00.Core.Tests\UnitTestHomework00.Core.Tests.csproj", "{088FD29B-1EF5-4204-A301-1E8E89EB5BF6}"
EndProject
Project("{2150E333-8FDC-42A3-9474-1A3956D46DE8}") = "Homework01", "Homework01", "{D7F8BB03-9D9A-4167-9770-61EDE083D86E}"
EndProject
Project("{FAE04EC0-301F-11D3-BF4B-00C04F79EFBC}") = "RequestValidators", "RequestValidators\RequestValidators.csproj", "{FCB6125A-3A80-478F-B3A7-E6135F0D3A6F}"
EndProject
Project("{FAE04EC0-301F-11D3-BF4B-00C04F79EFBC}") = "RequestValidators.Tests", "RequestValidators.Tests\RequestValidators.Tests.csproj", "{D350CBA8-F630-4313-8832-C65C2B3245AF}"
EndProject
Global
	GlobalSection(SolutionConfigurationPlatforms) = preSolution
		Debug|Any CPU = Debug|Any CPU
		Release|Any CPU = Release|Any CPU
	EndGlobalSection
	GlobalSection(ProjectConfigurationPlatforms) = postSolution
		{1DA64C05-734F-4C82-8EEF-FF883526B9EC}.Debug|Any CPU.ActiveCfg = Debug|Any CPU
		{1DA64C05-734F-4C82-8EEF-FF883526B9EC}.Debug|Any CPU.Build.0 = Debug|Any CPU
		{1DA64C05-734F-4C82-8EEF-FF883526B9EC}.Release|Any CPU.ActiveCfg = Release|Any CPU
		{1DA64C05-734F-4C82-8EEF-FF883526B9EC}.Release|Any CPU.Build.0 = Release|Any CPU
		{088FD29B-1EF5-4204-A301-1E8E89EB5BF6}.Debug|Any CPU.ActiveCfg = Debug|Any CPU
		{088FD29B-1EF5-4204-A301-1E8E89EB5BF6}.Debug|Any CPU.Build.0 = Debug|Any CPU
		{088FD29B-1EF5-4204-A301-1E8E89EB5BF6}.Release|Any CPU.ActiveCfg = Release|Any CPU
		{088FD29B-1EF5-4204-A301-1E8E89EB5BF6}.Release|Any CPU.Build.0 = Release|Any CPU
		{FCB6125A-3A80-478F-B3A7-E6135F0D3A6F}.Debug|Any CPU.ActiveCfg = Debug|Any CPU
		{FCB6125A-3A80-478F-B3A7-E6135F0D3A6F}.Debug|Any CPU.Build.0 = Debug|Any CPU
		{FCB6125A-3A80-478F-B3A7-E6135F0D3A6F}.Release|Any CPU.ActiveCfg = Release|Any CPU
		{FCB6125A-3A80-478F-B3A7-E6135F0D3A6F}.Release|Any CPU.Build.0 = Release|Any CPU
		{D350CBA8-F630-4313-8832-C65C2B3245AF}.Debug|Any CPU.ActiveCfg = Debug|Any CPU
		{D350CBA8-F630-4313-8832-C65C2B3245AF}.Debug|Any CPU.Build.0 = Debug|Any CPU
		{D350CBA8-F630-4313-8832-C65C2B3245AF}.Release|Any CPU.ActiveCfg = Release|Any CPU
		{D350CBA8-F630-4313-8832-C65C2B3245AF}.Release|Any CPU.Build.0 = Release|Any CPU
	EndGlobalSection
	GlobalSection(SolutionProperties) = preSolution
		HideSolutionNode = FALSE
	EndGlobalSection
	GlobalSection(NestedProjects) = preSolution
		{FCB6125A-3A80-478F-B3A7-E6135F0D3A6F} = {D7F8BB03-9D9A-4167-9770-61EDE083D86E}
		{D350CBA8-F630-4313-8832-C65C2B3245AF} = {D7F8BB03-9D9A-4167-9770-61EDE083D86E}
	EndGlobalSection
	GlobalSection(ExtensibilityGlobals) = postSolution
		SolutionGuid = {213427D5-09F2-41F1-B167-2B387F1609F7}
	EndGlobalSection
EndGlobal
